Microsoft Visual Studio Solution File, Format Version 12.00
# Visual Studio Version 17
VisualStudioVersion = 17.5.2.0
MinimumVisualStudioVersion = 10.0.40219.1
Project("{FAE04EC0-301F-11D3-BF4B-00C04F79EFBC}") = "registro", "registro.csproj", "{12EBE3F2-BEDA-CB50-A144-3742D90E365E}"
EndProject
Global
	GlobalSection(SolutionConfigurationPlatforms) = preSolution
		Debug|Any CPU = Debug|Any CPU
		Release|Any CPU = Release|Any CPU
	EndGlobalSection
	GlobalSection(ProjectConfigurationPlatforms) = postSolution
		{12EBE3F2-BEDA-CB50-A144-3742D90E365E}.Debug|Any CPU.ActiveCfg = Debug|Any CPU
		{12EBE3F2-BEDA-CB50-A144-3742D90E365E}.Debug|Any CPU.Build.0 = Debug|Any CPU
		{12EBE3F2-BEDA-CB50-A144-3742D90E365E}.Release|Any CPU.ActiveCfg = Release|Any CPU
		{12EBE3F2-BEDA-CB50-A144-3742D90E365E}.Release|Any CPU.Build.0 = Release|Any CPU
	EndGlobalSection
	GlobalSection(SolutionProperties) = preSolution
		HideSolutionNode = FALSE
	EndGlobalSection
	GlobalSection(ExtensibilityGlobals) = postSolution
		SolutionGuid = {E2DB7D73-6411-4A23-BA97-3F09E18A5658}
	EndGlobalSection
EndGlobal
